<?xml version="1.0" encoding="utf-8"?>
<Project ToolsVersion="4.0" xmlns="http://schemas.microsoft.com/developer/msbuild/2003">
  <ItemGroup>
    <Filter Include="Source Files">
      <UniqueIdentifier>{4FC737F1-C7A5-4376-A066-2A32D752A2FF}</UniqueIdentifier>
      <Extensions>cpp;c;cc;cxx;def;odl;idl;hpj;bat;asm;asmx</Extensions>
    </Filter>
    <Filter Include="Header Files">
      <UniqueIdentifier>{93995380-89BD-4b04-88EB-625FBE52EBFB}</UniqueIdentifier>
      <Extensions>h;hpp;hxx;hm;inl;inc;xsd</Extensions>
    </Filter>
    <Filter Include="Resource Files">
      <UniqueIdentifier>{67DA6AB6-F800-4c08-8B7A-83BB121AAD01}</UniqueIdentifier>
      <Extensions>rc;ico;cur;bmp;dlg;rc2;rct;bin;rgs;gif;jpg;jpeg;jpe;resx;tiff;tif;png;wav;mfcribbon-ms</Extensions>
    </Filter>
    <Filter Include="Header Files\jsoncpp">
      <UniqueIdentifier>{f676fb0b-9040-46ec-82c7-0a7d0a503379}</UniqueIdentifier>
    </Filter>
    <Filter Include="Header Files\States">
      <UniqueIdentifier>{ca44cead-7b33-4e64-97d7-bd7364218343}</UniqueIdentifier>
    </Filter>
    <Filter Include="Source Files\States">
      <UniqueIdentifier>{504e819b-f1aa-45bd-bb65-75064b10c211}</UniqueIdentifier>
    </Filter>
    <Filter Include="Header Files\Combat">
      <UniqueIdentifier>{349b6131-d02e-4a56-b0b5-235b370e3088}</UniqueIdentifier>
    </Filter>
    <Filter Include="Source Files\Combat">
      <UniqueIdentifier>{bc69561e-22fb-45ff-9c82-2ea0e2179fd8}</UniqueIdentifier>
    </Filter>
  </ItemGroup>
  <ItemGroup>
    <ClCompile Include="Engine.cpp">
      <Filter>Source Files</Filter>
    </ClCompile>
    <ClCompile Include="main.cpp">
      <Filter>Source Files</Filter>
    </ClCompile>
    <ClCompile Include="TCODEngine.cpp">
      <Filter>Source Files</Filter>
    </ClCompile>
    <ClCompile Include="TCODTools.cpp">
      <Filter>Source Files</Filter>
    </ClCompile>
    <ClCompile Include="goods.cpp">
      <Filter>Source Files</Filter>
    </ClCompile>
    <ClCompile Include="Ship.cpp">
      <Filter>Source Files</Filter>
    </ClCompile>
    <ClCompile Include="town.cpp">
      <Filter>Source Files</Filter>
    </ClCompile>
    <ClCompile Include="A_star_test.cpp">
      <Filter>Source Files</Filter>
    </ClCompile>
    <ClCompile Include="worldMap.cpp">
      <Filter>Source Files</Filter>
    </ClCompile>
    <ClCompile Include="World.cpp">
      <Filter>Source Files</Filter>
    </ClCompile>
    <ClCompile Include="nameFactory.cpp">
      <Filter>Source Files</Filter>
    </ClCompile>
    <ClCompile Include="A_star.cpp">
      <Filter>Source Files</Filter>
    </ClCompile>
    <ClCompile Include="jsoncpp.cpp">
      <Filter>Source Files</Filter>
    </ClCompile>
    <ClCompile Include="State_MainGame.cpp">
      <Filter>Source Files\States</Filter>
    </ClCompile>
    <ClCompile Include="State_ShipStatus.cpp">
      <Filter>Source Files\States</Filter>
    </ClCompile>
    <ClCompile Include="State_stringIn.cpp">
      <Filter>Source Files\States</Filter>
    </ClCompile>
    <ClCompile Include="State_shop.cpp">
      <Filter>Source Files\States</Filter>
    </ClCompile>
    <ClCompile Include="State_prompt.cpp">
      <Filter>Source Files\States</Filter>
    </ClCompile>
    <ClCompile Include="shipPrototype.cpp">
      <Filter>Source Files</Filter>
    </ClCompile>
    <ClCompile Include="shipparts.cpp">
      <Filter>Source Files</Filter>
    </ClCompile>
    <ClCompile Include="utility.cpp">
      <Filter>Source Files</Filter>
    </ClCompile>
    <ClCompile Include="State_townmenu.cpp">
      <Filter>Source Files\States</Filter>
    </ClCompile>
    <ClCompile Include="State_drydock.cpp">
      <Filter>Source Files\States</Filter>
    </ClCompile>
    <ClCompile Include="AI_ship.cpp">
      <Filter>Source Files</Filter>
    </ClCompile>
    <ClCompile Include="State_tavern.cpp">
      <Filter>Source Files\States</Filter>
    </ClCompile>
    <ClCompile Include="entitymap.cpp">
      <Filter>Source Files</Filter>
    </ClCompile>
    <ClCompile Include="asciiModel.cpp">
      <Filter>Source Files\Combat</Filter>
    </ClCompile>
    <ClCompile Include="vector3.cpp">
      <Filter>Source Files</Filter>
    </ClCompile>
    <ClCompile Include="State_Combat.cpp">
      <Filter>Source Files\Combat</Filter>
    </ClCompile>
    <ClCompile Include="npcCombat.cpp">
      <Filter>Source Files\Combat</Filter>
    </ClCompile>
    <ClCompile Include="cannon_win_rates.cpp">
      <Filter>Source Files\Combat</Filter>
    </ClCompile>
    <ClCompile Include="State_shipPartShop.cpp">
      <Filter>Source Files\States</Filter>
    </ClCompile>
    <ClCompile Include="player.cpp">
      <Filter>Source Files</Filter>
    </ClCompile>
    <ClCompile Include="State_shipPartInventory.cpp">
      <Filter>Source Files\States</Filter>
    </ClCompile>
    <ClCompile Include="Fleet.cpp">
      <Filter>Source Files</Filter>
    </ClCompile>
    <ClCompile Include="State_showskills.cpp">
      <Filter>Source Files\States</Filter>
    </ClCompile>
  </ItemGroup>
  <ItemGroup>
    <ClInclude Include="TCODEngine.h">
      <Filter>Header Files</Filter>
    </ClInclude>
    <ClInclude Include="TCODTools.h">
      <Filter>Header Files</Filter>
    </ClInclude>
    <ClInclude Include="goods.h">
      <Filter>Header Files</Filter>
    </ClInclude>
    <ClInclude Include="town.h">
      <Filter>Header Files</Filter>
    </ClInclude>
    <ClInclude Include="Ship.h">
      <Filter>Header Files</Filter>
    </ClInclude>
    <ClInclude Include="Engine.h">
      <Filter>Header Files</Filter>
    </ClInclude>
    <ClInclude Include="A_star_test.h">
      <Filter>Header Files</Filter>
    </ClInclude>
    <ClInclude Include="worldMap.h">
      <Filter>Header Files</Filter>
    </ClInclude>
    <ClInclude Include="World.h">
      <Filter>Header Files</Filter>
    </ClInclude>
    <ClInclude Include="nameFactory.h">
      <Filter>Header Files</Filter>
    </ClInclude>
    <ClInclude Include="json\json.h">
      <Filter>Header Files\jsoncpp</Filter>
    </ClInclude>
    <ClInclude Include="json\json-forwards.h">
      <Filter>Header Files\jsoncpp</Filter>
    </ClInclude>
    <ClInclude Include="GameState.h">
      <Filter>Header Files\States</Filter>
    </ClInclude>
    <ClInclude Include="State_ShipStatus.h">
      <Filter>Header Files\States</Filter>
    </ClInclude>
    <ClInclude Include="State_stringIn.h">
      <Filter>Header Files\States</Filter>
    </ClInclude>
    <ClInclude Include="State_ItemDescription.h">
      <Filter>Header Files\States</Filter>
    </ClInclude>
    <ClInclude Include="State_MainGame.h">
      <Filter>Header Files\States</Filter>
    </ClInclude>
    <ClInclude Include="State_shop.h">
      <Filter>Header Files\States</Filter>
    </ClInclude>
    <ClInclude Include="State_prompt.h">
      <Filter>Header Files\States</Filter>
    </ClInclude>
    <ClInclude Include="shipPrototype.h">
      <Filter>Header Files</Filter>
    </ClInclude>
    <ClInclude Include="shipparts.h">
      <Filter>Header Files</Filter>
    </ClInclude>
    <ClInclude Include="player.h">
      <Filter>Header Files</Filter>
    </ClInclude>
    <ClInclude Include="utility.h">
      <Filter>Header Files</Filter>
    </ClInclude>
    <ClInclude Include="State_townmenu.h">
      <Filter>Header Files\States</Filter>
    </ClInclude>
    <ClInclude Include="State_drydock.h">
      <Filter>Header Files\States</Filter>
    </ClInclude>
    <ClInclude Include="AI_ship.h">
      <Filter>Header Files</Filter>
    </ClInclude>
    <ClInclude Include="State_tavern.h">
      <Filter>Header Files\States</Filter>
    </ClInclude>
    <ClInclude Include="entitymap.h">
      <Filter>Header Files</Filter>
    </ClInclude>
    <ClInclude Include="State_Combat.h">
      <Filter>Header Files\Combat</Filter>
    </ClInclude>
    <ClInclude Include="asciiModel.h">
      <Filter>Header Files\Combat</Filter>
    </ClInclude>
    <ClInclude Include="vector3.h">
      <Filter>Header Files</Filter>
    </ClInclude>
    <ClInclude Include="A_star.h">
      <Filter>Header Files\States</Filter>
    </ClInclude>
    <ClInclude Include="npcCombat.h">
      <Filter>Header Files\Combat</Filter>
    </ClInclude>
    <ClInclude Include="cannon_win_rates.h">
      <Filter>Header Files\Combat</Filter>
    </ClInclude>
    <ClInclude Include="State_shipPartShop.h">
      <Filter>Header Files\States</Filter>
    </ClInclude>
    <ClInclude Include="State_shipPartInventory.h">
      <Filter>Header Files\States</Filter>
    </ClInclude>
    <ClInclude Include="dirent.h">
      <Filter>Header Files</Filter>
    </ClInclude>
    <ClInclude Include="Fleet.h">
      <Filter>Header Files</Filter>
    </ClInclude>
    <ClInclude Include="State_showskills.h">
      <Filter>Header Files\States</Filter>
    </ClInclude>
  </ItemGroup>
  <ItemGroup>
    <None Include="utility.tpp">
      <Filter>Source Files</Filter>
    </None>
  </ItemGroup>
</Project>